// !$*UTF8*$!
{
	archiveVersion = 1;
	classes = {
	};
	objectVersion = 55;
	objects = {

/* Begin PBXBuildFile section */
		8C5837012B857CC400DB32F1 /* AppDelegate.swift in Sources */ = {isa = PBXBuildFile; fileRef = 8C5837002B857CC400DB32F1 /* AppDelegate.swift */; };
		8C5837032B857CC400DB32F1 /* SceneDelegate.swift in Sources */ = {isa = PBXBuildFile; fileRef = 8C5837022B857CC400DB32F1 /* SceneDelegate.swift */; };
		8C5837052B857CC400DB32F1 /* ViewController.swift in Sources */ = {isa = PBXBuildFile; fileRef = 8C5837042B857CC400DB32F1 /* ViewController.swift */; };
		8C5837082B857CC400DB32F1 /* Main.storyboard in Resources */ = {isa = PBXBuildFile; fileRef = 8C5837062B857CC400DB32F1 /* Main.storyboard */; };
		8C58370A2B857CC700DB32F1 /* Assets.xcassets in Resources */ = {isa = PBXBuildFile; fileRef = 8C5837092B857CC700DB32F1 /* Assets.xcassets */; };
		8C58370D2B857CC700DB32F1 /* LaunchScreen.storyboard in Resources */ = {isa = PBXBuildFile; fileRef = 8C58370B2B857CC700DB32F1 /* LaunchScreen.storyboard */; };
		8C5837162B8587F100DB32F1 /* firstTableViewCell.swift in Sources */ = {isa = PBXBuildFile; fileRef = 8C5837142B8587F100DB32F1 /* firstTableViewCell.swift */; };
		8C5837172B8587F100DB32F1 /* firstTableViewCell.xib in Resources */ = {isa = PBXBuildFile; fileRef = 8C5837152B8587F100DB32F1 /* firstTableViewCell.xib */; };
		8C58371A2B85880E00DB32F1 /* SecondTableViewCell.swift in Sources */ = {isa = PBXBuildFile; fileRef = 8C5837182B85880E00DB32F1 /* SecondTableViewCell.swift */; };
		8C58371B2B85880E00DB32F1 /* SecondTableViewCell.xib in Resources */ = {isa = PBXBuildFile; fileRef = 8C5837192B85880E00DB32F1 /* SecondTableViewCell.xib */; };
		8C58371E2B85882800DB32F1 /* thirdTableViewCell.swift in Sources */ = {isa = PBXBuildFile; fileRef = 8C58371C2B85882800DB32F1 /* thirdTableViewCell.swift */; };
		8C58371F2B85882800DB32F1 /* thirdTableViewCell.xib in Resources */ = {isa = PBXBuildFile; fileRef = 8C58371D2B85882800DB32F1 /* thirdTableViewCell.xib */; };
		8C5837222B85884400DB32F1 /* ForthTableViewCell.swift in Sources */ = {isa = PBXBuildFile; fileRef = 8C5837202B85884400DB32F1 /* ForthTableViewCell.swift */; };
		8C5837232B85884400DB32F1 /* ForthTableViewCell.xib in Resources */ = {isa = PBXBuildFile; fileRef = 8C5837212B85884400DB32F1 /* ForthTableViewCell.xib */; };
		C4A4B11A2B8A665E005BAFB8 /* HomeVC.swift in Sources */ = {isa = PBXBuildFile; fileRef = C4A4B1192B8A665E005BAFB8 /* HomeVC.swift */; };
		C4A4B11D2B8A66B6005BAFB8 /* HomeCollectionCell.swift in Sources */ = {isa = PBXBuildFile; fileRef = C4A4B11B2B8A66B6005BAFB8 /* HomeCollectionCell.swift */; };
		C4A4B11E2B8A66B6005BAFB8 /* HomeCollectionCell.xib in Resources */ = {isa = PBXBuildFile; fileRef = C4A4B11C2B8A66B6005BAFB8 /* HomeCollectionCell.xib */; };
/* End PBXBuildFile section */

/* Begin PBXFileReference section */
		8C5836FD2B857CC400DB32F1 /* what'sApp.app */ = {isa = PBXFileReference; explicitFileType = wrapper.application; includeInIndex = 0; path = "what'sApp.app"; sourceTree = BUILT_PRODUCTS_DIR; };
		8C5837002B857CC400DB32F1 /* AppDelegate.swift */ = {isa = PBXFileReference; lastKnownFileType = sourcecode.swift; path = AppDelegate.swift; sourceTree = "<group>"; };
		8C5837022B857CC400DB32F1 /* SceneDelegate.swift */ = {isa = PBXFileReference; lastKnownFileType = sourcecode.swift; path = SceneDelegate.swift; sourceTree = "<group>"; };
		8C5837042B857CC400DB32F1 /* ViewController.swift */ = {isa = PBXFileReference; lastKnownFileType = sourcecode.swift; path = ViewController.swift; sourceTree = "<group>"; };
		8C5837072B857CC400DB32F1 /* Base */ = {isa = PBXFileReference; lastKnownFileType = file.storyboard; name = Base; path = Base.lproj/Main.storyboard; sourceTree = "<group>"; };
		8C5837092B857CC700DB32F1 /* Assets.xcassets */ = {isa = PBXFileReference; lastKnownFileType = folder.assetcatalog; path = Assets.xcassets; sourceTree = "<group>"; };
		8C58370C2B857CC700DB32F1 /* Base */ = {isa = PBXFileReference; lastKnownFileType = file.storyboard; name = Base; path = Base.lproj/LaunchScreen.storyboard; sourceTree = "<group>"; };
		8C58370E2B857CC700DB32F1 /* Info.plist */ = {isa = PBXFileReference; lastKnownFileType = text.plist.xml; path = Info.plist; sourceTree = "<group>"; };
		8C5837142B8587F100DB32F1 /* firstTableViewCell.swift */ = {isa = PBXFileReference; lastKnownFileType = sourcecode.swift; path = firstTableViewCell.swift; sourceTree = "<group>"; };
		8C5837152B8587F100DB32F1 /* firstTableViewCell.xib */ = {isa = PBXFileReference; lastKnownFileType = file.xib; path = firstTableViewCell.xib; sourceTree = "<group>"; };
		8C5837182B85880E00DB32F1 /* SecondTableViewCell.swift */ = {isa = PBXFileReference; lastKnownFileType = sourcecode.swift; path = SecondTableViewCell.swift; sourceTree = "<group>"; };
		8C5837192B85880E00DB32F1 /* SecondTableViewCell.xib */ = {isa = PBXFileReference; lastKnownFileType = file.xib; path = SecondTableViewCell.xib; sourceTree = "<group>"; };
		8C58371C2B85882800DB32F1 /* thirdTableViewCell.swift */ = {isa = PBXFileReference; lastKnownFileType = sourcecode.swift; path = thirdTableViewCell.swift; sourceTree = "<group>"; };
		8C58371D2B85882800DB32F1 /* thirdTableViewCell.xib */ = {isa = PBXFileReference; lastKnownFileType = file.xib; path = thirdTableViewCell.xib; sourceTree = "<group>"; };
		8C5837202B85884400DB32F1 /* ForthTableViewCell.swift */ = {isa = PBXFileReference; lastKnownFileType = sourcecode.swift; path = ForthTableViewCell.swift; sourceTree = "<group>"; };
		8C5837212B85884400DB32F1 /* ForthTableViewCell.xib */ = {isa = PBXFileReference; lastKnownFileType = file.xib; path = ForthTableViewCell.xib; sourceTree = "<group>"; };
		C4A4B1192B8A665E005BAFB8 /* HomeVC.swift */ = {isa = PBXFileReference; lastKnownFileType = sourcecode.swift; path = HomeVC.swift; sourceTree = "<group>"; };
		C4A4B11B2B8A66B6005BAFB8 /* HomeCollectionCell.swift */ = {isa = PBXFileReference; lastKnownFileType = sourcecode.swift; path = HomeCollectionCell.swift; sourceTree = "<group>"; };
		C4A4B11C2B8A66B6005BAFB8 /* HomeCollectionCell.xib */ = {isa = PBXFileReference; lastKnownFileType = file.xib; path = HomeCollectionCell.xib; sourceTree = "<group>"; };
/* End PBXFileReference section */

/* Begin PBXFrameworksBuildPhase section */
		8C5836FA2B857CC400DB32F1 /* Frameworks */ = {
			isa = PBXFrameworksBuildPhase;
			buildActionMask = 2147483647;
			files = (
			);
			runOnlyForDeploymentPostprocessing = 0;
		};
/* End PBXFrameworksBuildPhase section */

/* Begin PBXGroup section */
		8C5836F42B857CC400DB32F1 = {
			isa = PBXGroup;
			children = (
				8C5836FF2B857CC400DB32F1 /* what'sApp */,
				8C5836FE2B857CC400DB32F1 /* Products */,
			);
			sourceTree = "<group>";
		};
		8C5836FE2B857CC400DB32F1 /* Products */ = {
			isa = PBXGroup;
			children = (
				8C5836FD2B857CC400DB32F1 /* what'sApp.app */,
			);
			name = Products;
			sourceTree = "<group>";
		};
		8C5836FF2B857CC400DB32F1 /* what'sApp */ = {
			isa = PBXGroup;
			children = (
				C4A4B1132B8A659C005BAFB8 /* Model */,
				C4A4B1122B8A6597005BAFB8 /* View */,
				C4A4B1112B8A658F005BAFB8 /* Controller */,
				C4A4B1152B8A65E6005BAFB8 /* Chats */,
				C4A4B1142B8A65D2005BAFB8 /* Settings */,
				8C5837002B857CC400DB32F1 /* AppDelegate.swift */,
				8C5837022B857CC400DB32F1 /* SceneDelegate.swift */,
				8C5837042B857CC400DB32F1 /* ViewController.swift */,
				8C5837142B8587F100DB32F1 /* firstTableViewCell.swift */,
				8C5837152B8587F100DB32F1 /* firstTableViewCell.xib */,
				8C5837182B85880E00DB32F1 /* SecondTableViewCell.swift */,
				8C5837192B85880E00DB32F1 /* SecondTableViewCell.xib */,
				8C58371C2B85882800DB32F1 /* thirdTableViewCell.swift */,
				8C58371D2B85882800DB32F1 /* thirdTableViewCell.xib */,
				8C5837202B85884400DB32F1 /* ForthTableViewCell.swift */,
				8C5837212B85884400DB32F1 /* ForthTableViewCell.xib */,
				8C5837062B857CC400DB32F1 /* Main.storyboard */,
				8C5837092B857CC700DB32F1 /* Assets.xcassets */,
				8C58370B2B857CC700DB32F1 /* LaunchScreen.storyboard */,
				8C58370E2B857CC700DB32F1 /* Info.plist */,
			);
			path = "what'sApp";
			sourceTree = "<group>";
		};
		C4A4B10F2B8A656E005BAFB8 /* Home */ = {
			isa = PBXGroup;
			children = (
				C4A4B1182B8A6618005BAFB8 /* Model */,
				C4A4B1172B8A6613005BAFB8 /* View */,
				C4A4B1162B8A6608005BAFB8 /* Controller */,
			);
			path = Home;
			sourceTree = "<group>";
		};
		C4A4B1102B8A6577005BAFB8 /* Cell */ = {
			isa = PBXGroup;
			children = (
				C4A4B11B2B8A66B6005BAFB8 /* HomeCollectionCell.swift */,
				C4A4B11C2B8A66B6005BAFB8 /* HomeCollectionCell.xib */,
			);
			path = Cell;
			sourceTree = "<group>";
		};
		C4A4B1112B8A658F005BAFB8 /* Controller */ = {
			isa = PBXGroup;
			children = (
				C4A4B10F2B8A656E005BAFB8 /* Home */,
			);
			path = Controller;
			sourceTree = "<group>";
		};
		C4A4B1122B8A6597005BAFB8 /* View */ = {
			isa = PBXGroup;
			children = (
			);
			path = View;
			sourceTree = "<group>";
		};
		C4A4B1132B8A659C005BAFB8 /* Model */ = {
			isa = PBXGroup;
			children = (
			);
			path = Model;
			sourceTree = "<group>";
		};
		C4A4B1142B8A65D2005BAFB8 /* Settings */ = {
			isa = PBXGroup;
			children = (
			);
			path = Settings;
			sourceTree = "<group>";
		};
		C4A4B1152B8A65E6005BAFB8 /* Chats */ = {
			isa = PBXGroup;
			children = (
			);
			path = Chats;
			sourceTree = "<group>";
		};
		C4A4B1162B8A6608005BAFB8 /* Controller */ = {
			isa = PBXGroup;
			children = (
				C4A4B1192B8A665E005BAFB8 /* HomeVC.swift */,
			);
			path = Controller;
			sourceTree = "<group>";
		};
		C4A4B1172B8A6613005BAFB8 /* View */ = {
			isa = PBXGroup;
			children = (
				C4A4B1102B8A6577005BAFB8 /* Cell */,
			);
			path = View;
			sourceTree = "<group>";
		};
		C4A4B1182B8A6618005BAFB8 /* Model */ = {
			isa = PBXGroup;
			children = (
			);
			path = Model;
			sourceTree = "<group>";
		};
/* End PBXGroup section */

/* Begin PBXNativeTarget section */
		8C5836FC2B857CC400DB32F1 /* what'sApp */ = {
			isa = PBXNativeTarget;
			buildConfigurationList = 8C5837112B857CC700DB32F1 /* Build configuration list for PBXNativeTarget "what'sApp" */;
			buildPhases = (
				8C5836F92B857CC400DB32F1 /* Sources */,
				8C5836FA2B857CC400DB32F1 /* Frameworks */,
				8C5836FB2B857CC400DB32F1 /* Resources */,
			);
			buildRules = (
			);
			dependencies = (
			);
			name = "what'sApp";
			productName = "what'sApp";
			productReference = 8C5836FD2B857CC400DB32F1 /* what'sApp.app */;
			productType = "com.apple.product-type.application";
		};
/* End PBXNativeTarget section */

/* Begin PBXProject section */
		8C5836F52B857CC400DB32F1 /* Project object */ = {
			isa = PBXProject;
			attributes = {
				BuildIndependentTargetsInParallel = 1;
				LastSwiftUpdateCheck = 1330;
				LastUpgradeCheck = 1330;
				TargetAttributes = {
					8C5836FC2B857CC400DB32F1 = {
						CreatedOnToolsVersion = 13.3;
					};
				};
			};
			buildConfigurationList = 8C5836F82B857CC400DB32F1 /* Build configuration list for PBXProject "what'sApp" */;
			compatibilityVersion = "Xcode 13.0";
			developmentRegion = en;
			hasScannedForEncodings = 0;
			knownRegions = (
				en,
				Base,
			);
			mainGroup = 8C5836F42B857CC400DB32F1;
			productRefGroup = 8C5836FE2B857CC400DB32F1 /* Products */;
			projectDirPath = "";
			projectRoot = "";
			targets = (
				8C5836FC2B857CC400DB32F1 /* what'sApp */,
			);
		};
/* End PBXProject section */

/* Begin PBXResourcesBuildPhase section */
		8C5836FB2B857CC400DB32F1 /* Resources */ = {
			isa = PBXResourcesBuildPhase;
			buildActionMask = 2147483647;
			files = (
				8C58370D2B857CC700DB32F1 /* LaunchScreen.storyboard in Resources */,
				8C58370A2B857CC700DB32F1 /* Assets.xcassets in Resources */,
				8C5837232B85884400DB32F1 /* ForthTableViewCell.xib in Resources */,
				8C58371B2B85880E00DB32F1 /* SecondTableViewCell.xib in Resources */,
				C4A4B11E2B8A66B6005BAFB8 /* HomeCollectionCell.xib in Resources */,
				8C5837172B8587F100DB32F1 /* firstTableViewCell.xib in Resources */,
				8C5837082B857CC400DB32F1 /* Main.storyboard in Resources */,
				8C58371F2B85882800DB32F1 /* thirdTableViewCell.xib in Resources */,
			);
			runOnlyForDeploymentPostprocessing = 0;
		};
/* End PBXResourcesBuildPhase section */

/* Begin PBXSourcesBuildPhase section */
		8C5836F92B857CC400DB32F1 /* Sources */ = {
			isa = PBXSourcesBuildPhase;
			buildActionMask = 2147483647;
			files = (
				8C5837052B857CC400DB32F1 /* ViewController.swift in Sources */,
				C4A4B11D2B8A66B6005BAFB8 /* HomeCollectionCell.swift in Sources */,
				C4A4B11A2B8A665E005BAFB8 /* HomeVC.swift in Sources */,
				8C58371E2B85882800DB32F1 /* thirdTableViewCell.swift in Sources */,
				8C5837222B85884400DB32F1 /* ForthTableViewCell.swift in Sources */,
				8C58371A2B85880E00DB32F1 /* SecondTableViewCell.swift in Sources */,
				8C5837012B857CC400DB32F1 /* AppDelegate.swift in Sources */,
				8C5837162B8587F100DB32F1 /* firstTableViewCell.swift in Sources */,
				8C5837032B857CC400DB32F1 /* SceneDelegate.swift in Sources */,
			);
			runOnlyForDeploymentPostprocessing = 0;
		};
/* End PBXSourcesBuildPhase section */

/* Begin PBXVariantGroup section */
		8C5837062B857CC400DB32F1 /* Main.storyboard */ = {
			isa = PBXVariantGroup;
			children = (
				8C5837072B857CC400DB32F1 /* Base */,
			);
			name = Main.storyboard;
			sourceTree = "<group>";
		};
		8C58370B2B857CC700DB32F1 /* LaunchScreen.storyboard */ = {
			isa = PBXVariantGroup;
			children = (
				8C58370C2B857CC700DB32F1 /* Base */,
			);
			name = LaunchScreen.storyboard;
			sourceTree = "<group>";
		};
/* End PBXVariantGroup section */

/* Begin XCBuildConfiguration section */
		8C58370F2B857CC700DB32F1 /* Debug */ = {
			isa = XCBuildConfiguration;
			buildSettings = {
				ALWAYS_SEARCH_USER_PATHS = NO;
				CLANG_ANALYZER_NONNULL = YES;
				CLANG_ANALYZER_NUMBER_OBJECT_CONVERSION = YES_AGGRESSIVE;
				CLANG_CXX_LANGUAGE_STANDARD = "gnu++17";
				CLANG_ENABLE_MODULES = YES;
				CLANG_ENABLE_OBJC_ARC = YES;
				CLANG_ENABLE_OBJC_WEAK = YES;
				CLANG_WARN_BLOCK_CAPTURE_AUTORELEASING = YES;
				CLANG_WARN_BOOL_CONVERSION = YES;
				CLANG_WARN_COMMA = YES;
				CLANG_WARN_CONSTANT_CONVERSION = YES;
				CLANG_WARN_DEPRECATED_OBJC_IMPLEMENTATIONS = YES;
				CLANG_WARN_DIRECT_OBJC_ISA_USAGE = YES_ERROR;
				CLANG_WARN_DOCUMENTATION_COMMENTS = YES;
				CLANG_WARN_EMPTY_BODY = YES;
				CLANG_WARN_ENUM_CONVERSION = YES;
				CLANG_WARN_INFINITE_RECURSION = YES;
				CLANG_WARN_INT_CONVERSION = YES;
				CLANG_WARN_NON_LITERAL_NULL_CONVERSION = YES;
				CLANG_WARN_OBJC_IMPLICIT_RETAIN_SELF = YES;
				CLANG_WARN_OBJC_LITERAL_CONVERSION = YES;
				CLANG_WARN_OBJC_ROOT_CLASS = YES_ERROR;
				CLANG_WARN_QUOTED_INCLUDE_IN_FRAMEWORK_HEADER = YES;
				CLANG_WARN_RANGE_LOOP_ANALYSIS = YES;
				CLANG_WARN_STRICT_PROTOTYPES = YES;
				CLANG_WARN_SUSPICIOUS_MOVE = YES;
				CLANG_WARN_UNGUARDED_AVAILABILITY = YES_AGGRESSIVE;
				CLANG_WARN_UNREACHABLE_CODE = YES;
				CLANG_WARN__DUPLICATE_METHOD_MATCH = YES;
				COPY_PHASE_STRIP = NO;
				DEBUG_INFORMATION_FORMAT = dwarf;
				ENABLE_STRICT_OBJC_MSGSEND = YES;
				ENABLE_TESTABILITY = YES;
				GCC_C_LANGUAGE_STANDARD = gnu11;
				GCC_DYNAMIC_NO_PIC = NO;
				GCC_NO_COMMON_BLOCKS = YES;
				GCC_OPTIMIZATION_LEVEL = 0;
				GCC_PREPROCESSOR_DEFINITIONS = (
					"DEBUG=1",
					"$(inherited)",
				);
				GCC_WARN_64_TO_32_BIT_CONVERSION = YES;
				GCC_WARN_ABOUT_RETURN_TYPE = YES_ERROR;
				GCC_WARN_UNDECLARED_SELECTOR = YES;
				GCC_WARN_UNINITIALIZED_AUTOS = YES_AGGRESSIVE;
				GCC_WARN_UNUSED_FUNCTION = YES;
				GCC_WARN_UNUSED_VARIABLE = YES;
				IPHONEOS_DEPLOYMENT_TARGET = 15.4;
				MTL_ENABLE_DEBUG_INFO = INCLUDE_SOURCE;
				MTL_FAST_MATH = YES;
				ONLY_ACTIVE_ARCH = YES;
				SDKROOT = iphoneos;
				SWIFT_ACTIVE_COMPILATION_CONDITIONS = DEBUG;
				SWIFT_OPTIMIZATION_LEVEL = "-Onone";
			};
			name = Debug;
		};
		8C5837102B857CC700DB32F1 /* Release */ = {
			isa = XCBuildConfiguration;
			buildSettings = {
				ALWAYS_SEARCH_USER_PATHS = NO;
				CLANG_ANALYZER_NONNULL = YES;
				CLANG_ANALYZER_NUMBER_OBJECT_CONVERSION = YES_AGGRESSIVE;
				CLANG_CXX_LANGUAGE_STANDARD = "gnu++17";
				CLANG_ENABLE_MODULES = YES;
				CLANG_ENABLE_OBJC_ARC = YES;
				CLANG_ENABLE_OBJC_WEAK = YES;
				CLANG_WARN_BLOCK_CAPTURE_AUTORELEASING = YES;
				CLANG_WARN_BOOL_CONVERSION = YES;
				CLANG_WARN_COMMA = YES;
				CLANG_WARN_CONSTANT_CONVERSION = YES;
				CLANG_WARN_DEPRECATED_OBJC_IMPLEMENTATIONS = YES;
				CLANG_WARN_DIRECT_OBJC_ISA_USAGE = YES_ERROR;
				CLANG_WARN_DOCUMENTATION_COMMENTS = YES;
				CLANG_WARN_EMPTY_BODY = YES;
				CLANG_WARN_ENUM_CONVERSION = YES;
				CLANG_WARN_INFINITE_RECURSION = YES;
				CLANG_WARN_INT_CONVERSION = YES;
				CLANG_WARN_NON_LITERAL_NULL_CONVERSION = YES;
				CLANG_WARN_OBJC_IMPLICIT_RETAIN_SELF = YES;
				CLANG_WARN_OBJC_LITERAL_CONVERSION = YES;
				CLANG_WARN_OBJC_ROOT_CLASS = YES_ERROR;
				CLANG_WARN_QUOTED_INCLUDE_IN_FRAMEWORK_HEADER = YES;
				CLANG_WARN_RANGE_LOOP_ANALYSIS = YES;
				CLANG_WARN_STRICT_PROTOTYPES = YES;
				CLANG_WARN_SUSPICIOUS_MOVE = YES;
				CLANG_WARN_UNGUARDED_AVAILABILITY = YES_AGGRESSIVE;
				CLANG_WARN_UNREACHABLE_CODE = YES;
				CLANG_WARN__DUPLICATE_METHOD_MATCH = YES;
				COPY_PHASE_STRIP = NO;
				DEBUG_INFORMATION_FORMAT = "dwarf-with-dsym";
				ENABLE_NS_ASSERTIONS = NO;
				ENABLE_STRICT_OBJC_MSGSEND = YES;
				GCC_C_LANGUAGE_STANDARD = gnu11;
				GCC_NO_COMMON_BLOCKS = YES;
				GCC_WARN_64_TO_32_BIT_CONVERSION = YES;
				GCC_WARN_ABOUT_RETURN_TYPE = YES_ERROR;
				GCC_WARN_UNDECLARED_SELECTOR = YES;
				GCC_WARN_UNINITIALIZED_AUTOS = YES_AGGRESSIVE;
				GCC_WARN_UNUSED_FUNCTION = YES;
				GCC_WARN_UNUSED_VARIABLE = YES;
				IPHONEOS_DEPLOYMENT_TARGET = 15.4;
				MTL_ENABLE_DEBUG_INFO = NO;
				MTL_FAST_MATH = YES;
				SDKROOT = iphoneos;
				SWIFT_COMPILATION_MODE = wholemodule;
				SWIFT_OPTIMIZATION_LEVEL = "-O";
				VALIDATE_PRODUCT = YES;
			};
			name = Release;
		};
		8C5837122B857CC700DB32F1 /* Debug */ = {
			isa = XCBuildConfiguration;
			buildSettings = {
				ASSETCATALOG_COMPILER_APPICON_NAME = AppIcon;
				ASSETCATALOG_COMPILER_GLOBAL_ACCENT_COLOR_NAME = AccentColor;
				CODE_SIGN_STYLE = Automatic;
				CURRENT_PROJECT_VERSION = 1;
				DEVELOPMENT_TEAM = TU93N69J7H;
				GENERATE_INFOPLIST_FILE = YES;
				INFOPLIST_FILE = "what'sApp/Info.plist";
				INFOPLIST_KEY_UIApplicationSupportsIndirectInputEvents = YES;
				INFOPLIST_KEY_UILaunchStoryboardName = LaunchScreen;
				INFOPLIST_KEY_UIMainStoryboardFile = Main;
				INFOPLIST_KEY_UISupportedInterfaceOrientations_iPad = "UIInterfaceOrientationPortrait UIInterfaceOrientationPortraitUpsideDown UIInterfaceOrientationLandscapeLeft UIInterfaceOrientationLandscapeRight";
				INFOPLIST_KEY_UISupportedInterfaceOrientations_iPhone = "UIInterfaceOrientationPortrait UIInterfaceOrientationLandscapeLeft UIInterfaceOrientationLandscapeRight";
				LD_RUNPATH_SEARCH_PATHS = (
					"$(inherited)",
					"@executable_path/Frameworks",
				);
				MARKETING_VERSION = 1.0;
				PRODUCT_BUNDLE_IDENTIFIER = net.test.abc;
				PRODUCT_NAME = "$(TARGET_NAME)";
				SWIFT_EMIT_LOC_STRINGS = YES;
				SWIFT_VERSION = 5.0;
				TARGETED_DEVICE_FAMILY = "1,2";
			};
			name = Debug;
		};
		8C5837132B857CC700DB32F1 /* Release */ = {
			isa = XCBuildConfiguration;
			buildSettings = {
				ASSETCATALOG_COMPILER_APPICON_NAME = AppIcon;
				ASSETCATALOG_COMPILER_GLOBAL_ACCENT_COLOR_NAME = AccentColor;
				CODE_SIGN_STYLE = Automatic;
				CURRENT_PROJECT_VERSION = 1;
				DEVELOPMENT_TEAM = TU93N69J7H;
				GENERATE_INFOPLIST_FILE = YES;
				INFOPLIST_FILE = "what'sApp/Info.plist";
				INFOPLIST_KEY_UIApplicationSupportsIndirectInputEvents = YES;
				INFOPLIST_KEY_UILaunchStoryboardName = LaunchScreen;
				INFOPLIST_KEY_UIMainStoryboardFile = Main;
				INFOPLIST_KEY_UISupportedInterfaceOrientations_iPad = "UIInterfaceOrientationPortrait UIInterfaceOrientationPortraitUpsideDown UIInterfaceOrientationLandscapeLeft UIInterfaceOrientationLandscapeRight";
				INFOPLIST_KEY_UISupportedInterfaceOrientations_iPhone = "UIInterfaceOrientationPortrait UIInterfaceOrientationLandscapeLeft UIInterfaceOrientationLandscapeRight";
				LD_RUNPATH_SEARCH_PATHS = (
					"$(inherited)",
					"@executable_path/Frameworks",
				);
				MARKETING_VERSION = 1.0;
				PRODUCT_BUNDLE_IDENTIFIER = net.test.abc;
				PRODUCT_NAME = "$(TARGET_NAME)";
				SWIFT_EMIT_LOC_STRINGS = YES;
				SWIFT_VERSION = 5.0;
				TARGETED_DEVICE_FAMILY = "1,2";
			};
			name = Release;
		};
/* End XCBuildConfiguration section */

/* Begin XCConfigurationList section */
		8C5836F82B857CC400DB32F1 /* Build configuration list for PBXProject "what'sApp" */ = {
			isa = XCConfigurationList;
			buildConfigurations = (
				8C58370F2B857CC700DB32F1 /* Debug */,
				8C5837102B857CC700DB32F1 /* Release */,
			);
			defaultConfigurationIsVisible = 0;
			defaultConfigurationName = Release;
		};
		8C5837112B857CC700DB32F1 /* Build configuration list for PBXNativeTarget "what'sApp" */ = {
			isa = XCConfigurationList;
			buildConfigurations = (
				8C5837122B857CC700DB32F1 /* Debug */,
				8C5837132B857CC700DB32F1 /* Release */,
			);
			defaultConfigurationIsVisible = 0;
			defaultConfigurationName = Release;
		};
/* End XCConfigurationList section */
	};
	rootObject = 8C5836F52B857CC400DB32F1 /* Project object */;
}
